
Microsoft Visual Studio Solution File, Format Version 12.00
# Visual Studio 14
VisualStudioVersion = 14.0.25420.1
MinimumVisualStudioVersion = 10.0.40219.1
Project("{FAE04EC0-301F-11D3-BF4B-00C04F79EFBC}") = "App65.Android", "App65\App65.Android\App65.Android.csproj", "{CD33418F-1BB2-406C-AE64-F11E2AD4C3A2}"
EndProject
Project("{FAE04EC0-301F-11D3-BF4B-00C04F79EFBC}") = "App65", "App65\App65\App65.csproj", "{4F0E1B28-9B08-4850-B269-53ECF6DFB2FB}"
EndProject
Project("{FAE04EC0-301F-11D3-BF4B-00C04F79EFBC}") = "App65.UWP", "App65\App65.UWP\App65.UWP.csproj", "{C0C08860-499B-4791-8BC2-F3EDF37C6CCC}"
EndProject
Project("{FAE04EC0-301F-11D3-BF4B-00C04F79EFBC}") = "App65.iOS", "App65\App65.iOS\App65.iOS.csproj", "{3274FB65-F5B8-4F22-A813-C25B3B74E877}"
EndProject
Global
	GlobalSection(SolutionConfigurationPlatforms) = preSolution
		Ad-Hoc|Any CPU = Ad-Hoc|Any CPU
		Ad-Hoc|ARM = Ad-Hoc|ARM
		Ad-Hoc|iPhone = Ad-Hoc|iPhone
		Ad-Hoc|iPhoneSimulator = Ad-Hoc|iPhoneSimulator
		Ad-Hoc|x64 = Ad-Hoc|x64
		Ad-Hoc|x86 = Ad-Hoc|x86
		AppStore|Any CPU = AppStore|Any CPU
		AppStore|ARM = AppStore|ARM
		AppStore|iPhone = AppStore|iPhone
		AppStore|iPhoneSimulator = AppStore|iPhoneSimulator
		AppStore|x64 = AppStore|x64
		AppStore|x86 = AppStore|x86
		Debug|Any CPU = Debug|Any CPU
		Debug|ARM = Debug|ARM
		Debug|iPhone = Debug|iPhone
		Debug|iPhoneSimulator = Debug|iPhoneSimulator
		Debug|x64 = Debug|x64
		Debug|x86 = Debug|x86
		Release|Any CPU = Release|Any CPU
		Release|ARM = Release|ARM
		Release|iPhone = Release|iPhone
		Release|iPhoneSimulator = Release|iPhoneSimulator
		Release|x64 = Release|x64
		Release|x86 = Release|x86
	EndGlobalSection
	GlobalSection(ProjectConfigurationPlatforms) = postSolution
		{CD33418F-1BB2-406C-AE64-F11E2AD4C3A2}.Ad-Hoc|Any CPU.ActiveCfg = Release|Any CPU
		{CD33418F-1BB2-406C-AE64-F11E2AD4C3A2}.Ad-Hoc|Any CPU.Build.0 = Release|Any CPU
		{CD33418F-1BB2-406C-AE64-F11E2AD4C3A2}.Ad-Hoc|Any CPU.Deploy.0 = Release|Any CPU
		{CD33418F-1BB2-406C-AE64-F11E2AD4C3A2}.Ad-Hoc|ARM.ActiveCfg = Release|Any CPU
		{CD33418F-1BB2-406C-AE64-F11E2AD4C3A2}.Ad-Hoc|ARM.Build.0 = Release|Any CPU
		{CD33418F-1BB2-406C-AE64-F11E2AD4C3A2}.Ad-Hoc|ARM.Deploy.0 = Release|Any CPU
		{CD33418F-1BB2-406C-AE64-F11E2AD4C3A2}.Ad-Hoc|iPhone.ActiveCfg = Release|Any CPU
		{CD33418F-1BB2-406C-AE64-F11E2AD4C3A2}.Ad-Hoc|iPhone.Build.0 = Release|Any CPU
		{CD33418F-1BB2-406C-AE64-F11E2AD4C3A2}.Ad-Hoc|iPhone.Deploy.0 = Release|Any CPU
		{CD33418F-1BB2-406C-AE64-F11E2AD4C3A2}.Ad-Hoc|iPhoneSimulator.ActiveCfg = Release|Any CPU
		{CD33418F-1BB2-406C-AE64-F11E2AD4C3A2}.Ad-Hoc|iPhoneSimulator.Build.0 = Release|Any CPU
		{CD33418F-1BB2-406C-AE64-F11E2AD4C3A2}.Ad-Hoc|iPhoneSimulator.Deploy.0 = Release|Any CPU
		{CD33418F-1BB2-406C-AE64-F11E2AD4C3A2}.Ad-Hoc|x64.ActiveCfg = Release|Any CPU
		{CD33418F-1BB2-406C-AE64-F11E2AD4C3A2}.Ad-Hoc|x64.Build.0 = Release|Any CPU
		{CD33418F-1BB2-406C-AE64-F11E2AD4C3A2}.Ad-Hoc|x64.Deploy.0 = Release|Any CPU
		{CD33418F-1BB2-406C-AE64-F11E2AD4C3A2}.Ad-Hoc|x86.ActiveCfg = Release|Any CPU
		{CD33418F-1BB2-406C-AE64-F11E2AD4C3A2}.Ad-Hoc|x86.Build.0 = Release|Any CPU
		{CD33418F-1BB2-406C-AE64-F11E2AD4C3A2}.Ad-Hoc|x86.Deploy.0 = Release|Any CPU
		{CD33418F-1BB2-406C-AE64-F11E2AD4C3A2}.AppStore|Any CPU.ActiveCfg = Release|Any CPU
		{CD33418F-1BB2-406C-AE64-F11E2AD4C3A2}.AppStore|Any CPU.Build.0 = Release|Any CPU
		{CD33418F-1BB2-406C-AE64-F11E2AD4C3A2}.AppStore|Any CPU.Deploy.0 = Release|Any CPU
		{CD33418F-1BB2-406C-AE64-F11E2AD4C3A2}.AppStore|ARM.ActiveCfg = Release|Any CPU
		{CD33418F-1BB2-406C-AE64-F11E2AD4C3A2}.AppStore|ARM.Build.0 = Release|Any CPU
		{CD33418F-1BB2-406C-AE64-F11E2AD4C3A2}.AppStore|ARM.Deploy.0 = Release|Any CPU
		{CD33418F-1BB2-406C-AE64-F11E2AD4C3A2}.AppStore|iPhone.ActiveCfg = Release|Any CPU
		{CD33418F-1BB2-406C-AE64-F11E2AD4C3A2}.AppStore|iPhone.Build.0 = Release|Any CPU
		{CD33418F-1BB2-406C-AE64-F11E2AD4C3A2}.AppStore|iPhone.Deploy.0 = Release|Any CPU
		{CD33418F-1BB2-406C-AE64-F11E2AD4C3A2}.AppStore|iPhoneSimulator.ActiveCfg = Release|Any CPU
		{CD33418F-1BB2-406C-AE64-F11E2AD4C3A2}.AppStore|iPhoneSimulator.Build.0 = Release|Any CPU
		{CD33418F-1BB2-406C-AE64-F11E2AD4C3A2}.AppStore|iPhoneSimulator.Deploy.0 = Release|Any CPU
		{CD33418F-1BB2-406C-AE64-F11E2AD4C3A2}.AppStore|x64.ActiveCfg = Release|Any CPU
		{CD33418F-1BB2-406C-AE64-F11E2AD4C3A2}.AppStore|x64.Build.0 = Release|Any CPU
		{CD33418F-1BB2-406C-AE64-F11E2AD4C3A2}.AppStore|x64.Deploy.0 = Release|Any CPU
		{CD33418F-1BB2-406C-AE64-F11E2AD4C3A2}.AppStore|x86.ActiveCfg = Release|Any CPU
		{CD33418F-1BB2-406C-AE64-F11E2AD4C3A2}.AppStore|x86.Build.0 = Release|Any CPU
		{CD33418F-1BB2-406C-AE64-F11E2AD4C3A2}.AppStore|x86.Deploy.0 = Release|Any CPU
		{CD33418F-1BB2-406C-AE64-F11E2AD4C3A2}.Debug|Any CPU.ActiveCfg = Debug|Any CPU
		{CD33418F-1BB2-406C-AE64-F11E2AD4C3A2}.Debug|Any CPU.Build.0 = Debug|Any CPU
		{CD33418F-1BB2-406C-AE64-F11E2AD4C3A2}.Debug|Any CPU.Deploy.0 = Debug|Any CPU
		{CD33418F-1BB2-406C-AE64-F11E2AD4C3A2}.Debug|ARM.ActiveCfg = Debug|Any CPU
		{CD33418F-1BB2-406C-AE64-F11E2AD4C3A2}.Debug|ARM.Build.0 = Debug|Any CPU
		{CD33418F-1BB2-406C-AE64-F11E2AD4C3A2}.Debug|ARM.Deploy.0 = Debug|Any CPU
		{CD33418F-1BB2-406C-AE64-F11E2AD4C3A2}.Debug|iPhone.ActiveCfg = Debug|Any CPU
		{CD33418F-1BB2-406C-AE64-F11E2AD4C3A2}.Debug|iPhone.Build.0 = Debug|Any CPU
		{CD33418F-1BB2-406C-AE64-F11E2AD4C3A2}.Debug|iPhone.Deploy.0 = Debug|Any CPU
		{CD33418F-1BB2-406C-AE64-F11E2AD4C3A2}.Debug|iPhoneSimulator.ActiveCfg = Debug|Any CPU
		{CD33418F-1BB2-406C-AE64-F11E2AD4C3A2}.Debug|iPhoneSimulator.Build.0 = Debug|Any CPU
		{CD33418F-1BB2-406C-AE64-F11E2AD4C3A2}.Debug|iPhoneSimulator.Deploy.0 = Debug|Any CPU
		{CD33418F-1BB2-406C-AE64-F11E2AD4C3A2}.Debug|x64.ActiveCfg = Debug|Any CPU
		{CD33418F-1BB2-406C-AE64-F11E2AD4C3A2}.Debug|x64.Build.0 = Debug|Any CPU
		{CD33418F-1BB2-406C-AE64-F11E2AD4C3A2}.Debug|x64.Deploy.0 = Debug|Any CPU
		{CD33418F-1BB2-406C-AE64-F11E2AD4C3A2}.Debug|x86.ActiveCfg = Debug|Any CPU
		{CD33418F-1BB2-406C-AE64-F11E2AD4C3A2}.Debug|x86.Build.0 = Debug|Any CPU
		{CD33418F-1BB2-406C-AE64-F11E2AD4C3A2}.Debug|x86.Deploy.0 = Debug|Any CPU
		{CD33418F-1BB2-406C-AE64-F11E2AD4C3A2}.Release|Any CPU.ActiveCfg = Release|Any CPU
		{CD33418F-1BB2-406C-AE64-F11E2AD4C3A2}.Release|Any CPU.Build.0 = Release|Any CPU
		{CD33418F-1BB2-406C-AE64-F11E2AD4C3A2}.Release|Any CPU.Deploy.0 = Release|Any CPU
		{CD33418F-1BB2-406C-AE64-F11E2AD4C3A2}.Release|ARM.ActiveCfg = Release|Any CPU
		{CD33418F-1BB2-406C-AE64-F11E2AD4C3A2}.Release|ARM.Build.0 = Release|Any CPU
		{CD33418F-1BB2-406C-AE64-F11E2AD4C3A2}.Release|ARM.Deploy.0 = Release|Any CPU
		{CD33418F-1BB2-406C-AE64-F11E2AD4C3A2}.Release|iPhone.ActiveCfg = Release|Any CPU
		{CD33418F-1BB2-406C-AE64-F11E2AD4C3A2}.Release|iPhone.Build.0 = Release|Any CPU
		{CD33418F-1BB2-406C-AE64-F11E2AD4C3A2}.Release|iPhone.Deploy.0 = Release|Any CPU
		{CD33418F-1BB2-406C-AE64-F11E2AD4C3A2}.Release|iPhoneSimulator.ActiveCfg = Release|Any CPU
		{CD33418F-1BB2-406C-AE64-F11E2AD4C3A2}.Release|iPhoneSimulator.Build.0 = Release|Any CPU
		{CD33418F-1BB2-406C-AE64-F11E2AD4C3A2}.Release|iPhoneSimulator.Deploy.0 = Release|Any CPU
		{CD33418F-1BB2-406C-AE64-F11E2AD4C3A2}.Release|x64.ActiveCfg = Release|Any CPU
		{CD33418F-1BB2-406C-AE64-F11E2AD4C3A2}.Release|x64.Build.0 = Release|Any CPU
		{CD33418F-1BB2-406C-AE64-F11E2AD4C3A2}.Release|x64.Deploy.0 = Release|Any CPU
		{CD33418F-1BB2-406C-AE64-F11E2AD4C3A2}.Release|x86.ActiveCfg = Release|Any CPU
		{CD33418F-1BB2-406C-AE64-F11E2AD4C3A2}.Release|x86.Build.0 = Release|Any CPU
		{CD33418F-1BB2-406C-AE64-F11E2AD4C3A2}.Release|x86.Deploy.0 = Release|Any CPU
		{4F0E1B28-9B08-4850-B269-53ECF6DFB2FB}.Ad-Hoc|Any CPU.ActiveCfg = Release|Any CPU
		{4F0E1B28-9B08-4850-B269-53ECF6DFB2FB}.Ad-Hoc|Any CPU.Build.0 = Release|Any CPU
		{4F0E1B28-9B08-4850-B269-53ECF6DFB2FB}.Ad-Hoc|ARM.ActiveCfg = Release|Any CPU
		{4F0E1B28-9B08-4850-B269-53ECF6DFB2FB}.Ad-Hoc|ARM.Build.0 = Release|Any CPU
		{4F0E1B28-9B08-4850-B269-53ECF6DFB2FB}.Ad-Hoc|iPhone.ActiveCfg = Release|Any CPU
		{4F0E1B28-9B08-4850-B269-53ECF6DFB2FB}.Ad-Hoc|iPhone.Build.0 = Release|Any CPU
		{4F0E1B28-9B08-4850-B269-53ECF6DFB2FB}.Ad-Hoc|iPhoneSimulator.ActiveCfg = Release|Any CPU
		{4F0E1B28-9B08-4850-B269-53ECF6DFB2FB}.Ad-Hoc|iPhoneSimulator.Build.0 = Release|Any CPU
		{4F0E1B28-9B08-4850-B269-53ECF6DFB2FB}.Ad-Hoc|x64.ActiveCfg = Release|Any CPU
		{4F0E1B28-9B08-4850-B269-53ECF6DFB2FB}.Ad-Hoc|x64.Build.0 = Release|Any CPU
		{4F0E1B28-9B08-4850-B269-53ECF6DFB2FB}.Ad-Hoc|x86.ActiveCfg = Release|Any CPU
		{4F0E1B28-9B08-4850-B269-53ECF6DFB2FB}.Ad-Hoc|x86.Build.0 = Release|Any CPU
		{4F0E1B28-9B08-4850-B269-53ECF6DFB2FB}.AppStore|Any CPU.ActiveCfg = Release|Any CPU
		{4F0E1B28-9B08-4850-B269-53ECF6DFB2FB}.AppStore|Any CPU.Build.0 = Release|Any CPU
		{4F0E1B28-9B08-4850-B269-53ECF6DFB2FB}.AppStore|ARM.ActiveCfg = Release|Any CPU
		{4F0E1B28-9B08-4850-B269-53ECF6DFB2FB}.AppStore|ARM.Build.0 = Release|Any CPU
		{4F0E1B28-9B08-4850-B269-53ECF6DFB2FB}.AppStore|iPhone.ActiveCfg = Release|Any CPU
		{4F0E1B28-9B08-4850-B269-53ECF6DFB2FB}.AppStore|iPhone.Build.0 = Release|Any CPU
		{4F0E1B28-9B08-4850-B269-53ECF6DFB2FB}.AppStore|iPhoneSimulator.ActiveCfg = Release|Any CPU
		{4F0E1B28-9B08-4850-B269-53ECF6DFB2FB}.AppStore|iPhoneSimulator.Build.0 = Release|Any CPU
		{4F0E1B28-9B08-4850-B269-53ECF6DFB2FB}.AppStore|x64.ActiveCfg = Release|Any CPU
		{4F0E1B28-9B08-4850-B269-53ECF6DFB2FB}.AppStore|x64.Build.0 = Release|Any CPU
		{4F0E1B28-9B08-4850-B269-53ECF6DFB2FB}.AppStore|x86.ActiveCfg = Release|Any CPU
		{4F0E1B28-9B08-4850-B269-53ECF6DFB2FB}.AppStore|x86.Build.0 = Release|Any CPU
		{4F0E1B28-9B08-4850-B269-53ECF6DFB2FB}.Debug|Any CPU.ActiveCfg = Debug|Any CPU
		{4F0E1B28-9B08-4850-B269-53ECF6DFB2FB}.Debug|Any CPU.Build.0 = Debug|Any CPU
		{4F0E1B28-9B08-4850-B269-53ECF6DFB2FB}.Debug|ARM.ActiveCfg = Debug|Any CPU
		{4F0E1B28-9B08-4850-B269-53ECF6DFB2FB}.Debug|ARM.Build.0 = Debug|Any CPU
		{4F0E1B28-9B08-4850-B269-53ECF6DFB2FB}.Debug|iPhone.ActiveCfg = Debug|Any CPU
		{4F0E1B28-9B08-4850-B269-53ECF6DFB2FB}.Debug|iPhone.Build.0 = Debug|Any CPU
		{4F0E1B28-9B08-4850-B269-53ECF6DFB2FB}.Debug|iPhoneSimulator.ActiveCfg = Debug|Any CPU
		{4F0E1B28-9B08-4850-B269-53ECF6DFB2FB}.Debug|iPhoneSimulator.Build.0 = Debug|Any CPU
		{4F0E1B28-9B08-4850-B269-53ECF6DFB2FB}.Debug|x64.ActiveCfg = Debug|Any CPU
		{4F0E1B28-9B08-4850-B269-53ECF6DFB2FB}.Debug|x64.Build.0 = Debug|Any CPU
		{4F0E1B28-9B08-4850-B269-53ECF6DFB2FB}.Debug|x86.ActiveCfg = Debug|Any CPU
		{4F0E1B28-9B08-4850-B269-53ECF6DFB2FB}.Debug|x86.Build.0 = Debug|Any CPU
		{4F0E1B28-9B08-4850-B269-53ECF6DFB2FB}.Release|Any CPU.ActiveCfg = Release|Any CPU
		{4F0E1B28-9B08-4850-B269-53ECF6DFB2FB}.Release|Any CPU.Build.0 = Release|Any CPU
		{4F0E1B28-9B08-4850-B269-53ECF6DFB2FB}.Release|ARM.ActiveCfg = Release|Any CPU
		{4F0E1B28-9B08-4850-B269-53ECF6DFB2FB}.Release|ARM.Build.0 = Release|Any CPU
		{4F0E1B28-9B08-4850-B269-53ECF6DFB2FB}.Release|iPhone.ActiveCfg = Release|Any CPU
		{4F0E1B28-9B08-4850-B269-53ECF6DFB2FB}.Release|iPhone.Build.0 = Release|Any CPU
		{4F0E1B28-9B08-4850-B269-53ECF6DFB2FB}.Release|iPhoneSimulator.ActiveCfg = Release|Any CPU
		{4F0E1B28-9B08-4850-B269-53ECF6DFB2FB}.Release|iPhoneSimulator.Build.0 = Release|Any CPU
		{4F0E1B28-9B08-4850-B269-53ECF6DFB2FB}.Release|x64.ActiveCfg = Release|Any CPU
		{4F0E1B28-9B08-4850-B269-53ECF6DFB2FB}.Release|x64.Build.0 = Release|Any CPU
		{4F0E1B28-9B08-4850-B269-53ECF6DFB2FB}.Release|x86.ActiveCfg = Release|Any CPU
		{4F0E1B28-9B08-4850-B269-53ECF6DFB2FB}.Release|x86.Build.0 = Release|Any CPU
		{C0C08860-499B-4791-8BC2-F3EDF37C6CCC}.Ad-Hoc|Any CPU.ActiveCfg = Release|x86
		{C0C08860-499B-4791-8BC2-F3EDF37C6CCC}.Ad-Hoc|Any CPU.Build.0 = Release|x86
		{C0C08860-499B-4791-8BC2-F3EDF37C6CCC}.Ad-Hoc|Any CPU.Deploy.0 = Release|x86
		{C0C08860-499B-4791-8BC2-F3EDF37C6CCC}.Ad-Hoc|ARM.ActiveCfg = Release|ARM
		{C0C08860-499B-4791-8BC2-F3EDF37C6CCC}.Ad-Hoc|ARM.Build.0 = Release|ARM
		{C0C08860-499B-4791-8BC2-F3EDF37C6CCC}.Ad-Hoc|ARM.Deploy.0 = Release|ARM
		{C0C08860-499B-4791-8BC2-F3EDF37C6CCC}.Ad-Hoc|iPhone.ActiveCfg = Release|x86
		{C0C08860-499B-4791-8BC2-F3EDF37C6CCC}.Ad-Hoc|iPhone.Build.0 = Release|x86
		{C0C08860-499B-4791-8BC2-F3EDF37C6CCC}.Ad-Hoc|iPhone.Deploy.0 = Release|x86
		{C0C08860-499B-4791-8BC2-F3EDF37C6CCC}.Ad-Hoc|iPhoneSimulator.ActiveCfg = Release|x86
		{C0C08860-499B-4791-8BC2-F3EDF37C6CCC}.Ad-Hoc|iPhoneSimulator.Build.0 = Release|x86
		{C0C08860-499B-4791-8BC2-F3EDF37C6CCC}.Ad-Hoc|iPhoneSimulator.Deploy.0 = Release|x86
		{C0C08860-499B-4791-8BC2-F3EDF37C6CCC}.Ad-Hoc|x64.ActiveCfg = Release|x64
		{C0C08860-499B-4791-8BC2-F3EDF37C6CCC}.Ad-Hoc|x64.Build.0 = Release|x64
		{C0C08860-499B-4791-8BC2-F3EDF37C6CCC}.Ad-Hoc|x64.Deploy.0 = Release|x64
		{C0C08860-499B-4791-8BC2-F3EDF37C6CCC}.Ad-Hoc|x86.ActiveCfg = Release|x86
		{C0C08860-499B-4791-8BC2-F3EDF37C6CCC}.Ad-Hoc|x86.Build.0 = Release|x86
		{C0C08860-499B-4791-8BC2-F3EDF37C6CCC}.Ad-Hoc|x86.Deploy.0 = Release|x86
		{C0C08860-499B-4791-8BC2-F3EDF37C6CCC}.AppStore|Any CPU.ActiveCfg = Release|x86
		{C0C08860-499B-4791-8BC2-F3EDF37C6CCC}.AppStore|Any CPU.Build.0 = Release|x86
		{C0C08860-499B-4791-8BC2-F3EDF37C6CCC}.AppStore|Any CPU.Deploy.0 = Release|x86
		{C0C08860-499B-4791-8BC2-F3EDF37C6CCC}.AppStore|ARM.ActiveCfg = Release|ARM
		{C0C08860-499B-4791-8BC2-F3EDF37C6CCC}.AppStore|ARM.Build.0 = Release|ARM
		{C0C08860-499B-4791-8BC2-F3EDF37C6CCC}.AppStore|ARM.Deploy.0 = Release|ARM
		{C0C08860-499B-4791-8BC2-F3EDF37C6CCC}.AppStore|iPhone.ActiveCfg = Release|x86
		{C0C08860-499B-4791-8BC2-F3EDF37C6CCC}.AppStore|iPhone.Build.0 = Release|x86
		{C0C08860-499B-4791-8BC2-F3EDF37C6CCC}.AppStore|iPhone.Deploy.0 = Release|x86
		{C0C08860-499B-4791-8BC2-F3EDF37C6CCC}.AppStore|iPhoneSimulator.ActiveCfg = Release|x86
		{C0C08860-499B-4791-8BC2-F3EDF37C6CCC}.AppStore|iPhoneSimulator.Build.0 = Release|x86
		{C0C08860-499B-4791-8BC2-F3EDF37C6CCC}.AppStore|iPhoneSimulator.Deploy.0 = Release|x86
		{C0C08860-499B-4791-8BC2-F3EDF37C6CCC}.AppStore|x64.ActiveCfg = Release|x64
		{C0C08860-499B-4791-8BC2-F3EDF37C6CCC}.AppStore|x64.Build.0 = Release|x64
		{C0C08860-499B-4791-8BC2-F3EDF37C6CCC}.AppStore|x64.Deploy.0 = Release|x64
		{C0C08860-499B-4791-8BC2-F3EDF37C6CCC}.AppStore|x86.ActiveCfg = Release|x86
		{C0C08860-499B-4791-8BC2-F3EDF37C6CCC}.AppStore|x86.Build.0 = Release|x86
		{C0C08860-499B-4791-8BC2-F3EDF37C6CCC}.AppStore|x86.Deploy.0 = Release|x86
		{C0C08860-499B-4791-8BC2-F3EDF37C6CCC}.Debug|Any CPU.ActiveCfg = Debug|x86
		{C0C08860-499B-4791-8BC2-F3EDF37C6CCC}.Debug|ARM.ActiveCfg = Debug|ARM
		{C0C08860-499B-4791-8BC2-F3EDF37C6CCC}.Debug|ARM.Build.0 = Debug|ARM
		{C0C08860-499B-4791-8BC2-F3EDF37C6CCC}.Debug|ARM.Deploy.0 = Debug|ARM
		{C0C08860-499B-4791-8BC2-F3EDF37C6CCC}.Debug|iPhone.ActiveCfg = Debug|x86
		{C0C08860-499B-4791-8BC2-F3EDF37C6CCC}.Debug|iPhoneSimulator.ActiveCfg = Debug|x86
		{C0C08860-499B-4791-8BC2-F3EDF37C6CCC}.Debug|x64.ActiveCfg = Debug|x64
		{C0C08860-499B-4791-8BC2-F3EDF37C6CCC}.Debug|x64.Build.0 = Debug|x64
		{C0C08860-499B-4791-8BC2-F3EDF37C6CCC}.Debug|x64.Deploy.0 = Debug|x64
		{C0C08860-499B-4791-8BC2-F3EDF37C6CCC}.Debug|x86.ActiveCfg = Debug|x86
		{C0C08860-499B-4791-8BC2-F3EDF37C6CCC}.Debug|x86.Build.0 = Debug|x86
		{C0C08860-499B-4791-8BC2-F3EDF37C6CCC}.Debug|x86.Deploy.0 = Debug|x86
		{C0C08860-499B-4791-8BC2-F3EDF37C6CCC}.Release|Any CPU.ActiveCfg = Release|x86
		{C0C08860-499B-4791-8BC2-F3EDF37C6CCC}.Release|ARM.ActiveCfg = Release|ARM
		{C0C08860-499B-4791-8BC2-F3EDF37C6CCC}.Release|ARM.Build.0 = Release|ARM
		{C0C08860-499B-4791-8BC2-F3EDF37C6CCC}.Release|ARM.Deploy.0 = Release|ARM
		{C0C08860-499B-4791-8BC2-F3EDF37C6CCC}.Release|iPhone.ActiveCfg = Release|x86
		{C0C08860-499B-4791-8BC2-F3EDF37C6CCC}.Release|iPhoneSimulator.ActiveCfg = Release|x86
		{C0C08860-499B-4791-8BC2-F3EDF37C6CCC}.Release|x64.ActiveCfg = Release|x64
		{C0C08860-499B-4791-8BC2-F3EDF37C6CCC}.Release|x64.Build.0 = Release|x64
		{C0C08860-499B-4791-8BC2-F3EDF37C6CCC}.Release|x64.Deploy.0 = Release|x64
		{C0C08860-499B-4791-8BC2-F3EDF37C6CCC}.Release|x86.ActiveCfg = Release|x86
		{C0C08860-499B-4791-8BC2-F3EDF37C6CCC}.Release|x86.Build.0 = Release|x86
		{C0C08860-499B-4791-8BC2-F3EDF37C6CCC}.Release|x86.Deploy.0 = Release|x86
		{3274FB65-F5B8-4F22-A813-C25B3B74E877}.Ad-Hoc|Any CPU.ActiveCfg = Ad-Hoc|iPhone
		{3274FB65-F5B8-4F22-A813-C25B3B74E877}.Ad-Hoc|ARM.ActiveCfg = Ad-Hoc|iPhone
		{3274FB65-F5B8-4F22-A813-C25B3B74E877}.Ad-Hoc|iPhone.ActiveCfg = Ad-Hoc|iPhone
		{3274FB65-F5B8-4F22-A813-C25B3B74E877}.Ad-Hoc|iPhone.Build.0 = Ad-Hoc|iPhone
		{3274FB65-F5B8-4F22-A813-C25B3B74E877}.Ad-Hoc|iPhoneSimulator.ActiveCfg = Ad-Hoc|iPhoneSimulator
		{3274FB65-F5B8-4F22-A813-C25B3B74E877}.Ad-Hoc|iPhoneSimulator.Build.0 = Ad-Hoc|iPhoneSimulator
		{3274FB65-F5B8-4F22-A813-C25B3B74E877}.Ad-Hoc|x64.ActiveCfg = Ad-Hoc|iPhone
		{3274FB65-F5B8-4F22-A813-C25B3B74E877}.Ad-Hoc|x86.ActiveCfg = Ad-Hoc|iPhone
		{3274FB65-F5B8-4F22-A813-C25B3B74E877}.AppStore|Any CPU.ActiveCfg = AppStore|iPhone
		{3274FB65-F5B8-4F22-A813-C25B3B74E877}.AppStore|ARM.ActiveCfg = AppStore|iPhone
		{3274FB65-F5B8-4F22-A813-C25B3B74E877}.AppStore|iPhone.ActiveCfg = AppStore|iPhone
		{3274FB65-F5B8-4F22-A813-C25B3B74E877}.AppStore|iPhone.Build.0 = AppStore|iPhone
		{3274FB65-F5B8-4F22-A813-C25B3B74E877}.AppStore|iPhoneSimulator.ActiveCfg = AppStore|iPhoneSimulator
		{3274FB65-F5B8-4F22-A813-C25B3B74E877}.AppStore|iPhoneSimulator.Build.0 = AppStore|iPhoneSimulator
		{3274FB65-F5B8-4F22-A813-C25B3B74E877}.AppStore|x64.ActiveCfg = AppStore|iPhone
		{3274FB65-F5B8-4F22-A813-C25B3B74E877}.AppStore|x86.ActiveCfg = AppStore|iPhone
		{3274FB65-F5B8-4F22-A813-C25B3B74E877}.Debug|Any CPU.ActiveCfg = Debug|iPhone
		{3274FB65-F5B8-4F22-A813-C25B3B74E877}.Debug|ARM.ActiveCfg = Debug|iPhone
		{3274FB65-F5B8-4F22-A813-C25B3B74E877}.Debug|iPhone.ActiveCfg = Debug|iPhone
		{3274FB65-F5B8-4F22-A813-C25B3B74E877}.Debug|iPhone.Build.0 = Debug|iPhone
		{3274FB65-F5B8-4F22-A813-C25B3B74E877}.Debug|iPhoneSimulator.ActiveCfg = Debug|iPhoneSimulator
		{3274FB65-F5B8-4F22-A813-C25B3B74E877}.Debug|iPhoneSimulator.Build.0 = Debug|iPhoneSimulator
		{3274FB65-F5B8-4F22-A813-C25B3B74E877}.Debug|x64.ActiveCfg = Debug|iPhone
		{3274FB65-F5B8-4F22-A813-C25B3B74E877}.Debug|x86.ActiveCfg = Debug|iPhone
		{3274FB65-F5B8-4F22-A813-C25B3B74E877}.Release|Any CPU.ActiveCfg = Release|iPhone
		{3274FB65-F5B8-4F22-A813-C25B3B74E877}.Release|ARM.ActiveCfg = Release|iPhone
		{3274FB65-F5B8-4F22-A813-C25B3B74E877}.Release|iPhone.ActiveCfg = Release|iPhone
		{3274FB65-F5B8-4F22-A813-C25B3B74E877}.Release|iPhone.Build.0 = Release|iPhone
		{3274FB65-F5B8-4F22-A813-C25B3B74E877}.Release|iPhoneSimulator.ActiveCfg = Release|iPhoneSimulator
		{3274FB65-F5B8-4F22-A813-C25B3B74E877}.Release|iPhoneSimulator.Build.0 = Release|iPhoneSimulator
		{3274FB65-F5B8-4F22-A813-C25B3B74E877}.Release|x64.ActiveCfg = Release|iPhone
		{3274FB65-F5B8-4F22-A813-C25B3B74E877}.Release|x86.ActiveCfg = Release|iPhone
	EndGlobalSection
	GlobalSection(SolutionProperties) = preSolution
		HideSolutionNode = FALSE
	EndGlobalSection
EndGlobal
